
Microsoft Visual Studio Solution File, Format Version 12.00
# Visual Studio Version 17
VisualStudioVersion = 17.5.002.0
MinimumVisualStudioVersion = 10.0.40219.1
Project("{9A19103F-16F7-4668-BE54-9A1E7A4F7556}") = "TextEditor", "TextEditor.csproj", "{0F22CA80-E63A-4D4E-ADDE-DD76EA052F75}"
EndProject
Global
	GlobalSection(SolutionConfigurationPlatforms) = preSolution
		Debug|Any CPU = Debug|Any CPU
		Release|Any CPU = Release|Any CPU
	EndGlobalSection
	GlobalSection(ProjectConfigurationPlatforms) = postSolution
		{0F22CA80-E63A-4D4E-ADDE-DD76EA052F75}.Debug|Any CPU.ActiveCfg = Debug|Any CPU
		{0F22CA80-E63A-4D4E-ADDE-DD76EA052F75}.Debug|Any CPU.Build.0 = Debug|Any CPU
		{0F22CA80-E63A-4D4E-ADDE-DD76EA052F75}.Release|Any CPU.ActiveCfg = Release|Any CPU
		{0F22CA80-E63A-4D4E-ADDE-DD76EA052F75}.Release|Any CPU.Build.0 = Release|Any CPU
	EndGlobalSection
	GlobalSection(SolutionProperties) = preSolution
		HideSolutionNode = FALSE
	EndGlobalSection
	GlobalSection(ExtensibilityGlobals) = postSolution
		SolutionGuid = {3EDA2C0B-3875-4F71-95E8-738381C753B4}
	EndGlobalSection
EndGlobal
